// !$*UTF8*$!
{
	archiveVersion = 1;
	classes = {
	};
	objectVersion = 46;
	objects = {

/* Begin PBXBuildFile section */
		49E9BE121D34737500369F4A /* AppDelegate.swift in Sources */ = {isa = PBXBuildFile; fileRef = 49E9BE111D34737500369F4A /* AppDelegate.swift */; };
		49E9BE141D34737500369F4A /* ViewController.swift in Sources */ = {isa = PBXBuildFile; fileRef = 49E9BE131D34737500369F4A /* ViewController.swift */; };
		49E9BE171D34737500369F4A /* Main.storyboard in Resources */ = {isa = PBXBuildFile; fileRef = 49E9BE151D34737500369F4A /* Main.storyboard */; };
		49E9BE1A1D34737500369F4A /* FinalProject.xcdatamodeld in Sources */ = {isa = PBXBuildFile; fileRef = 49E9BE181D34737500369F4A /* FinalProject.xcdatamodeld */; };
		49E9BE1C1D34737500369F4A /* Assets.xcassets in Resources */ = {isa = PBXBuildFile; fileRef = 49E9BE1B1D34737500369F4A /* Assets.xcassets */; };
		49E9BE1F1D34737500369F4A /* LaunchScreen.storyboard in Resources */ = {isa = PBXBuildFile; fileRef = 49E9BE1D1D34737500369F4A /* LaunchScreen.storyboard */; };
		49E9BE2A1D34737600369F4A /* FinalProjectTests.swift in Sources */ = {isa = PBXBuildFile; fileRef = 49E9BE291D34737600369F4A /* FinalProjectTests.swift */; };
		49E9BE351D34737600369F4A /* FinalProjectUITests.swift in Sources */ = {isa = PBXBuildFile; fileRef = 49E9BE341D34737600369F4A /* FinalProjectUITests.swift */; };
/* End PBXBuildFile section */

/* Begin PBXContainerItemProxy section */
		49E9BE261D34737600369F4A /* PBXContainerItemProxy */ = {
			isa = PBXContainerItemProxy;
			containerPortal = 49E9BE061D34737500369F4A /* Project object */;
			proxyType = 1;
			remoteGlobalIDString = 49E9BE0D1D34737500369F4A;
			remoteInfo = FinalProject;
		};
		49E9BE311D34737600369F4A /* PBXContainerItemProxy */ = {
			isa = PBXContainerItemProxy;
			containerPortal = 49E9BE061D34737500369F4A /* Project object */;
			proxyType = 1;
			remoteGlobalIDString = 49E9BE0D1D34737500369F4A;
			remoteInfo = FinalProject;
		};
/* End PBXContainerItemProxy section */

/* Begin PBXFileReference section */
		49E9BE0E1D34737500369F4A /* FinalProject.app */ = {isa = PBXFileReference; explicitFileType = wrapper.application; includeInIndex = 0; path = FinalProject.app; sourceTree = BUILT_PRODUCTS_DIR; };
		49E9BE111D34737500369F4A /* AppDelegate.swift */ = {isa = PBXFileReference; lastKnownFileType = sourcecode.swift; path = AppDelegate.swift; sourceTree = "<group>"; };
		49E9BE131D34737500369F4A /* ViewController.swift */ = {isa = PBXFileReference; lastKnownFileType = sourcecode.swift; path = ViewController.swift; sourceTree = "<group>"; };
		49E9BE161D34737500369F4A /* Base */ = {isa = PBXFileReference; lastKnownFileType = file.storyboard; name = Base; path = Base.lproj/Main.storyboard; sourceTree = "<group>"; };
		49E9BE191D34737500369F4A /* FinalProject.xcdatamodel */ = {isa = PBXFileReference; lastKnownFileType = wrapper.xcdatamodel; path = FinalProject.xcdatamodel; sourceTree = "<group>"; };
		49E9BE1B1D34737500369F4A /* Assets.xcassets */ = {isa = PBXFileReference; lastKnownFileType = folder.assetcatalog; path = Assets.xcassets; sourceTree = "<group>"; };
		49E9BE1E1D34737500369F4A /* Base */ = {isa = PBXFileReference; lastKnownFileType = file.storyboard; name = Base; path = Base.lproj/LaunchScreen.storyboard; sourceTree = "<group>"; };
		49E9BE201D34737500369F4A /* Info.plist */ = {isa = PBXFileReference; lastKnownFileType = text.plist.xml; path = Info.plist; sourceTree = "<group>"; };
		49E9BE251D34737600369F4A /* FinalProjectTests.xctest */ = {isa = PBXFileReference; explicitFileType = wrapper.cfbundle; includeInIndex = 0; path = FinalProjectTests.xctest; sourceTree = BUILT_PRODUCTS_DIR; };
		49E9BE291D34737600369F4A /* FinalProjectTests.swift */ = {isa = PBXFileReference; lastKnownFileType = sourcecode.swift; path = FinalProjectTests.swift; sourceTree = "<group>"; };
		49E9BE2B1D34737600369F4A /* Info.plist */ = {isa = PBXFileReference; lastKnownFileType = text.plist.xml; path = Info.plist; sourceTree = "<group>"; };
		49E9BE301D34737600369F4A /* FinalProjectUITests.xctest */ = {isa = PBXFileReference; explicitFileType = wrapper.cfbundle; includeInIndex = 0; path = FinalProjectUITests.xctest; sourceTree = BUILT_PRODUCTS_DIR; };
		49E9BE341D34737600369F4A /* FinalProjectUITests.swift */ = {isa = PBXFileReference; lastKnownFileType = sourcecode.swift; path = FinalProjectUITests.swift; sourceTree = "<group>"; };
		49E9BE361D34737600369F4A /* Info.plist */ = {isa = PBXFileReference; lastKnownFileType = text.plist.xml; path = Info.plist; sourceTree = "<group>"; };
/* End PBXFileReference section */

/* Begin PBXFrameworksBuildPhase section */
		49E9BE0B1D34737500369F4A /* Frameworks */ = {
			isa = PBXFrameworksBuildPhase;
			buildActionMask = 2147483647;
			files = (
			);
			runOnlyForDeploymentPostprocessing = 0;
		};
		49E9BE221D34737600369F4A /* Frameworks */ = {
			isa = PBXFrameworksBuildPhase;
			buildActionMask = 2147483647;
			files = (
			);
			runOnlyForDeploymentPostprocessing = 0;
		};
		49E9BE2D1D34737600369F4A /* Frameworks */ = {
			isa = PBXFrameworksBuildPhase;
			buildActionMask = 2147483647;
			files = (
			);
			runOnlyForDeploymentPostprocessing = 0;
		};
/* End PBXFrameworksBuildPhase section */

/* Begin PBXGroup section */
		49E9BE051D34737500369F4A = {
			isa = PBXGroup;
			children = (
				49E9BE101D34737500369F4A /* FinalProject */,
				49E9BE281D34737600369F4A /* FinalProjectTests */,
				49E9BE331D34737600369F4A /* FinalProjectUITests */,
				49E9BE0F1D34737500369F4A /* Products */,
			);
			sourceTree = "<group>";
		};
		49E9BE0F1D34737500369F4A /* Products */ = {
			isa = PBXGroup;
			children = (
				49E9BE0E1D34737500369F4A /* FinalProject.app */,
				49E9BE251D34737600369F4A /* FinalProjectTests.xctest */,
				49E9BE301D34737600369F4A /* FinalProjectUITests.xctest */,
			);
			name = Products;
			sourceTree = "<group>";
		};
		49E9BE101D34737500369F4A /* FinalProject */ = {
			isa = PBXGroup;
			children = (
				49E9BE111D34737500369F4A /* AppDelegate.swift */,
				49E9BE131D34737500369F4A /* ViewController.swift */,
				49E9BE151D34737500369F4A /* Main.storyboard */,
				49E9BE1B1D34737500369F4A /* Assets.xcassets */,
				49E9BE1D1D34737500369F4A /* LaunchScreen.storyboard */,
				49E9BE201D34737500369F4A /* Info.plist */,
				49E9BE181D34737500369F4A /* FinalProject.xcdatamodeld */,
			);
			path = FinalProject;
			sourceTree = "<group>";
		};
		49E9BE281D34737600369F4A /* FinalProjectTests */ = {
			isa = PBXGroup;
			children = (
				49E9BE291D34737600369F4A /* FinalProjectTests.swift */,
				49E9BE2B1D34737600369F4A /* Info.plist */,
			);
			path = FinalProjectTests;
			sourceTree = "<group>";
		};
		49E9BE331D34737600369F4A /* FinalProjectUITests */ = {
			isa = PBXGroup;
			children = (
				49E9BE341D34737600369F4A /* FinalProjectUITests.swift */,
				49E9BE361D34737600369F4A /* Info.plist */,
			);
			path = FinalProjectUITests;
			sourceTree = "<group>";
		};
/* End PBXGroup section */

/* Begin PBXNativeTarget section */
		49E9BE0D1D34737500369F4A /* FinalProject */ = {
			isa = PBXNativeTarget;
			buildConfigurationList = 49E9BE391D34737600369F4A /* Build configuration list for PBXNativeTarget "FinalProject" */;
			buildPhases = (
				49E9BE0A1D34737500369F4A /* Sources */,
				49E9BE0B1D34737500369F4A /* Frameworks */,
				49E9BE0C1D34737500369F4A /* Resources */,
			);
			buildRules = (
			);
			dependencies = (
			);
			name = FinalProject;
			productName = FinalProject;
			productReference = 49E9BE0E1D34737500369F4A /* FinalProject.app */;
			productType = "com.apple.product-type.application";
		};
		49E9BE241D34737600369F4A /* FinalProjectTests */ = {
			isa = PBXNativeTarget;
			buildConfigurationList = 49E9BE3C1D34737600369F4A /* Build configuration list for PBXNativeTarget "FinalProjectTests" */;
			buildPhases = (
				49E9BE211D34737600369F4A /* Sources */,
				49E9BE221D34737600369F4A /* Frameworks */,
				49E9BE231D34737600369F4A /* Resources */,
			);
			buildRules = (
			);
			dependencies = (
				49E9BE271D34737600369F4A /* PBXTargetDependency */,
			);
			name = FinalProjectTests;
			productName = FinalProjectTests;
			productReference = 49E9BE251D34737600369F4A /* FinalProjectTests.xctest */;
			productType = "com.apple.product-type.bundle.unit-test";
		};
		49E9BE2F1D34737600369F4A /* FinalProjectUITests */ = {
			isa = PBXNativeTarget;
			buildConfigurationList = 49E9BE3F1D34737600369F4A /* Build configuration list for PBXNativeTarget "FinalProjectUITests" */;
			buildPhases = (
				49E9BE2C1D34737600369F4A /* Sources */,
				49E9BE2D1D34737600369F4A /* Frameworks */,
				49E9BE2E1D34737600369F4A /* Resources */,
			);
			buildRules = (
			);
			dependencies = (
				49E9BE321D34737600369F4A /* PBXTargetDependency */,
			);
			name = FinalProjectUITests;
			productName = FinalProjectUITests;
			productReference = 49E9BE301D34737600369F4A /* FinalProjectUITests.xctest */;
			productType = "com.apple.product-type.bundle.ui-testing";
		};
/* End PBXNativeTarget section */

/* Begin PBXProject section */
		49E9BE061D34737500369F4A /* Project object */ = {
			isa = PBXProject;
			attributes = {
				LastSwiftUpdateCheck = 0730;
				LastUpgradeCheck = 0730;
				ORGANIZATIONNAME = "Sergio Acosta";
				TargetAttributes = {
					49E9BE0D1D34737500369F4A = {
						CreatedOnToolsVersion = 7.3.1;
					};
					49E9BE241D34737600369F4A = {
						CreatedOnToolsVersion = 7.3.1;
						TestTargetID = 49E9BE0D1D34737500369F4A;
					};
					49E9BE2F1D34737600369F4A = {
						CreatedOnToolsVersion = 7.3.1;
						TestTargetID = 49E9BE0D1D34737500369F4A;
					};
				};
			};
			buildConfigurationList = 49E9BE091D34737500369F4A /* Build configuration list for PBXProject "FinalProject" */;
			compatibilityVersion = "Xcode 3.2";
			developmentRegion = English;
			hasScannedForEncodings = 0;
			knownRegions = (
				en,
				Base,
			);
			mainGroup = 49E9BE051D34737500369F4A;
			productRefGroup = 49E9BE0F1D34737500369F4A /* Products */;
			projectDirPath = "";
			projectRoot = "";
			targets = (
				49E9BE0D1D34737500369F4A /* FinalProject */,
				49E9BE241D34737600369F4A /* FinalProjectTests */,
				49E9BE2F1D34737600369F4A /* FinalProjectUITests */,
			);
		};
/* End PBXProject section */

/* Begin PBXResourcesBuildPhase section */
		49E9BE0C1D34737500369F4A /* Resources */ = {
			isa = PBXResourcesBuildPhase;
			buildActionMask = 2147483647;
			files = (
				49E9BE1F1D34737500369F4A /* LaunchScreen.storyboard in Resources */,
				49E9BE1C1D34737500369F4A /* Assets.xcassets in Resources */,
				49E9BE171D34737500369F4A /* Main.storyboard in Resources */,
			);
			runOnlyForDeploymentPostprocessing = 0;
		};
		49E9BE231D34737600369F4A /* Resources */ = {
			isa = PBXResourcesBuildPhase;
			buildActionMask = 2147483647;
			files = (
			);
			runOnlyForDeploymentPostprocessing = 0;
		};
		49E9BE2E1D34737600369F4A /* Resources */ = {
			isa = PBXResourcesBuildPhase;
			buildActionMask = 2147483647;
			files = (
			);
			runOnlyForDeploymentPostprocessing = 0;
		};
/* End PBXResourcesBuildPhase section */

/* Begin PBXSourcesBuildPhase section */
		49E9BE0A1D34737500369F4A /* Sources */ = {
			isa = PBXSourcesBuildPhase;
			buildActionMask = 2147483647;
			files = (
				49E9BE141D34737500369F4A /* ViewController.swift in Sources */,
				49E9BE121D34737500369F4A /* AppDelegate.swift in Sources */,
				49E9BE1A1D34737500369F4A /* FinalProject.xcdatamodeld in Sources */,
			);
			runOnlyForDeploymentPostprocessing = 0;
		};
		49E9BE211D34737600369F4A /* Sources */ = {
			isa = PBXSourcesBuildPhase;
			buildActionMask = 2147483647;
			files = (
				49E9BE2A1D34737600369F4A /* FinalProjectTests.swift in Sources */,
			);
			runOnlyForDeploymentPostprocessing = 0;
		};
		49E9BE2C1D34737600369F4A /* Sources */ = {
			isa = PBXSourcesBuildPhase;
			buildActionMask = 2147483647;
			files = (
				49E9BE351D34737600369F4A /* FinalProjectUITests.swift in Sources */,
			);
			runOnlyForDeploymentPostprocessing = 0;
		};
/* End PBXSourcesBuildPhase section */

/* Begin PBXTargetDependency section */
		49E9BE271D34737600369F4A /* PBXTargetDependency */ = {
			isa = PBXTargetDependency;
			target = 49E9BE0D1D34737500369F4A /* FinalProject */;
			targetProxy = 49E9BE261D34737600369F4A /* PBXContainerItemProxy */;
		};
		49E9BE321D34737600369F4A /* PBXTargetDependency */ = {
			isa = PBXTargetDependency;
			target = 49E9BE0D1D34737500369F4A /* FinalProject */;
			targetProxy = 49E9BE311D34737600369F4A /* PBXContainerItemProxy */;
		};
/* End PBXTargetDependency section */

/* Begin PBXVariantGroup section */
		49E9BE151D34737500369F4A /* Main.storyboard */ = {
			isa = PBXVariantGroup;
			children = (
				49E9BE161D34737500369F4A /* Base */,
			);
			name = Main.storyboard;
			sourceTree = "<group>";
		};
		49E9BE1D1D34737500369F4A /* LaunchScreen.storyboard */ = {
			isa = PBXVariantGroup;
			children = (
				49E9BE1E1D34737500369F4A /* Base */,
			);
			name = LaunchScreen.storyboard;
			sourceTree = "<group>";
		};
/* End PBXVariantGroup section */

/* Begin XCBuildConfiguration section */
		49E9BE371D34737600369F4A /* Debug */ = {
			isa = XCBuildConfiguration;
			buildSettings = {
				ALWAYS_SEARCH_USER_PATHS = NO;
				CLANG_ANALYZER_NONNULL = YES;
				CLANG_CXX_LANGUAGE_STANDARD = "gnu++0x";
				CLANG_CXX_LIBRARY = "libc++";
				CLANG_ENABLE_MODULES = YES;
				CLANG_ENABLE_OBJC_ARC = YES;
				CLANG_WARN_BOOL_CONVERSION = YES;
				CLANG_WARN_CONSTANT_CONVERSION = YES;
				CLANG_WARN_DIRECT_OBJC_ISA_USAGE = YES_ERROR;
				CLANG_WARN_EMPTY_BODY = YES;
				CLANG_WARN_ENUM_CONVERSION = YES;
				CLANG_WARN_INT_CONVERSION = YES;
				CLANG_WARN_OBJC_ROOT_CLASS = YES_ERROR;
				CLANG_WARN_UNREACHABLE_CODE = YES;
				CLANG_WARN__DUPLICATE_METHOD_MATCH = YES;
				"CODE_SIGN_IDENTITY[sdk=iphoneos*]" = "iPhone Developer";
				COPY_PHASE_STRIP = NO;
				DEBUG_INFORMATION_FORMAT = dwarf;
				ENABLE_STRICT_OBJC_MSGSEND = YES;
				ENABLE_TESTABILITY = YES;
				GCC_C_LANGUAGE_STANDARD = gnu99;
				GCC_DYNAMIC_NO_PIC = NO;
				GCC_NO_COMMON_BLOCKS = YES;
				GCC_OPTIMIZATION_LEVEL = 0;
				GCC_PREPROCESSOR_DEFINITIONS = (
					"DEBUG=1",
					"$(inherited)",
				);
				GCC_WARN_64_TO_32_BIT_CONVERSION = YES;
				GCC_WARN_ABOUT_RETURN_TYPE = YES_ERROR;
				GCC_WARN_UNDECLARED_SELECTOR = YES;
				GCC_WARN_UNINITIALIZED_AUTOS = YES_AGGRESSIVE;
				GCC_WARN_UNUSED_FUNCTION = YES;
				GCC_WARN_UNUSED_VARIABLE = YES;
				IPHONEOS_DEPLOYMENT_TARGET = 9.3;
				MTL_ENABLE_DEBUG_INFO = YES;
				ONLY_ACTIVE_ARCH = YES;
				SDKROOT = iphoneos;
				SWIFT_OPTIMIZATION_LEVEL = "-Onone";
				TARGETED_DEVICE_FAMILY = "1,2";
			};
			name = Debug;
		};
		49E9BE381D34737600369F4A /* Release */ = {
			isa = XCBuildConfiguration;
			buildSettings = {
				ALWAYS_SEARCH_USER_PATHS = NO;
				CLANG_ANALYZER_NONNULL = YES;
				CLANG_CXX_LANGUAGE_STANDARD = "gnu++0x";
				CLANG_CXX_LIBRARY = "libc++";
				CLANG_ENABLE_MODULES = YES;
				CLANG_ENABLE_OBJC_ARC = YES;
				CLANG_WARN_BOOL_CONVERSION = YES;
				CLANG_WARN_CONSTANT_CONVERSION = YES;
				CLANG_WARN_DIRECT_OBJC_ISA_USAGE = YES_ERROR;
				CLANG_WARN_EMPTY_BODY = YES;
				CLANG_WARN_ENUM_CONVERSION = YES;
				CLANG_WARN_INT_CONVERSION = YES;
				CLANG_WARN_OBJC_ROOT_CLASS = YES_ERROR;
				CLANG_WARN_UNREACHABLE_CODE = YES;
				CLANG_WARN__DUPLICATE_METHOD_MATCH = YES;
				"CODE_SIGN_IDENTITY[sdk=iphoneos*]" = "iPhone Developer";
				COPY_PHASE_STRIP = NO;
				DEBUG_INFORMATION_FORMAT = "dwarf-with-dsym";
				ENABLE_NS_ASSERTIONS = NO;
				ENABLE_STRICT_OBJC_MSGSEND = YES;
				GCC_C_LANGUAGE_STANDARD = gnu99;
				GCC_NO_COMMON_BLOCKS = YES;
				GCC_WARN_64_TO_32_BIT_CONVERSION = YES;
				GCC_WARN_ABOUT_RETURN_TYPE = YES_ERROR;
				GCC_WARN_UNDECLARED_SELECTOR = YES;
				GCC_WARN_UNINITIALIZED_AUTOS = YES_AGGRESSIVE;
				GCC_WARN_UNUSED_FUNCTION = YES;
				GCC_WARN_UNUSED_VARIABLE = YES;
				IPHONEOS_DEPLOYMENT_TARGET = 9.3;
				MTL_ENABLE_DEBUG_INFO = NO;
				SDKROOT = iphoneos;
				TARGETED_DEVICE_FAMILY = "1,2";
				VALIDATE_PRODUCT = YES;
			};
			name = Release;
		};
		49E9BE3A1D34737600369F4A /* Debug */ = {
			isa = XCBuildConfiguration;
			buildSettings = {
				ASSETCATALOG_COMPILER_APPICON_NAME = AppIcon;
				INFOPLIST_FILE = FinalProject/Info.plist;
				LD_RUNPATH_SEARCH_PATHS = "$(inherited) @executable_path/Frameworks";
				PRODUCT_BUNDLE_IDENTIFIER = net.sergioacosta.FinalProject;
				PRODUCT_NAME = "$(TARGET_NAME)";
			};
			name = Debug;
		};
		49E9BE3B1D34737600369F4A /* Release */ = {
			isa = XCBuildConfiguration;
			buildSettings = {
				ASSETCATALOG_COMPILER_APPICON_NAME = AppIcon;
				INFOPLIST_FILE = FinalProject/Info.plist;
				LD_RUNPATH_SEARCH_PATHS = "$(inherited) @executable_path/Frameworks";
				PRODUCT_BUNDLE_IDENTIFIER = net.sergioacosta.FinalProject;
				PRODUCT_NAME = "$(TARGET_NAME)";
			};
			name = Release;
		};
		49E9BE3D1D34737600369F4A /* Debug */ = {
			isa = XCBuildConfiguration;
			buildSettings = {
				BUNDLE_LOADER = "$(TEST_HOST)";
				INFOPLIST_FILE = FinalProjectTests/Info.plist;
				LD_RUNPATH_SEARCH_PATHS = "$(inherited) @executable_path/Frameworks @loader_path/Frameworks";
				PRODUCT_BUNDLE_IDENTIFIER = net.sergioacosta.FinalProjectTests;
				PRODUCT_NAME = "$(TARGET_NAME)";
				TEST_HOST = "$(BUILT_PRODUCTS_DIR)/FinalProject.app/FinalProject";
			};
			name = Debug;
		};
		49E9BE3E1D34737600369F4A /* Release */ = {
			isa = XCBuildConfiguration;
			buildSettings = {
				BUNDLE_LOADER = "$(TEST_HOST)";
				INFOPLIST_FILE = FinalProjectTests/Info.plist;
				LD_RUNPATH_SEARCH_PATHS = "$(inherited) @executable_path/Frameworks @loader_path/Frameworks";
				PRODUCT_BUNDLE_IDENTIFIER = net.sergioacosta.FinalProjectTests;
				PRODUCT_NAME = "$(TARGET_NAME)";
				TEST_HOST = "$(BUILT_PRODUCTS_DIR)/FinalProject.app/FinalProject";
			};
			name = Release;
		};
		49E9BE401D34737600369F4A /* Debug */ = {
			isa = XCBuildConfiguration;
			buildSettings = {
				INFOPLIST_FILE = FinalProjectUITests/Info.plist;
				LD_RUNPATH_SEARCH_PATHS = "$(inherited) @executable_path/Frameworks @loader_path/Frameworks";
				PRODUCT_BUNDLE_IDENTIFIER = net.sergioacosta.FinalProjectUITests;
				PRODUCT_NAME = "$(TARGET_NAME)";
				TEST_TARGET_NAME = FinalProject;
			};
			name = Debug;
		};
		49E9BE411D34737600369F4A /* Release */ = {
			isa = XCBuildConfiguration;
			buildSettings = {
				INFOPLIST_FILE = FinalProjectUITests/Info.plist;
				LD_RUNPATH_SEARCH_PATHS = "$(inherited) @executable_path/Frameworks @loader_path/Frameworks";
				PRODUCT_BUNDLE_IDENTIFIER = net.sergioacosta.FinalProjectUITests;
				PRODUCT_NAME = "$(TARGET_NAME)";
				TEST_TARGET_NAME = FinalProject;
			};
			name = Release;
		};
/* End XCBuildConfiguration section */

/* Begin XCConfigurationList section */
		49E9BE091D34737500369F4A /* Build configuration list for PBXProject "FinalProject" */ = {
			isa = XCConfigurationList;
			buildConfigurations = (
				49E9BE371D34737600369F4A /* Debug */,
				49E9BE381D34737600369F4A /* Release */,
			);
			defaultConfigurationIsVisible = 0;
			defaultConfigurationName = Release;
		};
		49E9BE391D34737600369F4A /* Build configuration list for PBXNativeTarget "FinalProject" */ = {
			isa = XCConfigurationList;
			buildConfigurations = (
				49E9BE3A1D34737600369F4A /* Debug */,
				49E9BE3B1D34737600369F4A /* Release */,
			);
			defaultConfigurationIsVisible = 0;
		};
		49E9BE3C1D34737600369F4A /* Build configuration list for PBXNativeTarget "FinalProjectTests" */ = {
			isa = XCConfigurationList;
			buildConfigurations = (
				49E9BE3D1D34737600369F4A /* Debug */,
				49E9BE3E1D34737600369F4A /* Release */,
			);
			defaultConfigurationIsVisible = 0;
		};
		49E9BE3F1D34737600369F4A /* Build configuration list for PBXNativeTarget "FinalProjectUITests" */ = {
			isa = XCConfigurationList;
			buildConfigurations = (
				49E9BE401D34737600369F4A /* Debug */,
				49E9BE411D34737600369F4A /* Release */,
			);
			defaultConfigurationIsVisible = 0;
		};
/* End XCConfigurationList section */

/* Begin XCVersionGroup section */
		49E9BE181D34737500369F4A /* FinalProject.xcdatamodeld */ = {
			isa = XCVersionGroup;
			children = (
				49E9BE191D34737500369F4A /* FinalProject.xcdatamodel */,
			);
			currentVersion = 49E9BE191D34737500369F4A /* FinalProject.xcdatamodel */;
			path = FinalProject.xcdatamodeld;
			sourceTree = "<group>";
			versionGroupType = wrapper.xcdatamodel;
		};
/* End XCVersionGroup section */
	};
	rootObject = 49E9BE061D34737500369F4A /* Project object */;
}
